
Microsoft Visual Studio Solution File, Format Version 12.00
# Visual Studio Version 17
VisualStudioVersion = 17.4.33213.308
MinimumVisualStudioVersion = 10.0.40219.1
Project("{FAE04EC0-301F-11D3-BF4B-00C04F79EFBC}") = "WorkingWithDelegates", "WorkingWithDelegates\WorkingWithDelegates.csproj", "{3E42E52B-9FDE-4404-89F7-CE67BC662484}"
EndProject
Global
	GlobalSection(SolutionConfigurationPlatforms) = preSolution
		Debug|Any CPU = Debug|Any CPU
		Release|Any CPU = Release|Any CPU
	EndGlobalSection
	GlobalSection(ProjectConfigurationPlatforms) = postSolution
		{3E42E52B-9FDE-4404-89F7-CE67BC662484}.Debug|Any CPU.ActiveCfg = Debug|Any CPU
		{3E42E52B-9FDE-4404-89F7-CE67BC662484}.Debug|Any CPU.Build.0 = Debug|Any CPU
		{3E42E52B-9FDE-4404-89F7-CE67BC662484}.Release|Any CPU.ActiveCfg = Release|Any CPU
		{3E42E52B-9FDE-4404-89F7-CE67BC662484}.Release|Any CPU.Build.0 = Release|Any CPU
	EndGlobalSection
	GlobalSection(SolutionProperties) = preSolution
		HideSolutionNode = FALSE
	EndGlobalSection
	GlobalSection(ExtensibilityGlobals) = postSolution
		SolutionGuid = {AD243FDD-99AF-4E2F-9502-51E5B4E51D38}
	EndGlobalSection
EndGlobal
