
Microsoft Visual Studio Solution File, Format Version 12.00
# Visual Studio Version 17
VisualStudioVersion = 17.4.33213.308
MinimumVisualStudioVersion = 10.0.40219.1
Project("{FAE04EC0-301F-11D3-BF4B-00C04F79EFBC}") = "CollectionsExamples", "CollectionsExamples\CollectionsExamples.csproj", "{7DB12764-4EFB-48EA-82CA-9C1A62863987}"
EndProject
Global
	GlobalSection(SolutionConfigurationPlatforms) = preSolution
		Debug|Any CPU = Debug|Any CPU
		Release|Any CPU = Release|Any CPU
	EndGlobalSection
	GlobalSection(ProjectConfigurationPlatforms) = postSolution
		{7DB12764-4EFB-48EA-82CA-9C1A62863987}.Debug|Any CPU.ActiveCfg = Debug|Any CPU
		{7DB12764-4EFB-48EA-82CA-9C1A62863987}.Debug|Any CPU.Build.0 = Debug|Any CPU
		{7DB12764-4EFB-48EA-82CA-9C1A62863987}.Release|Any CPU.ActiveCfg = Release|Any CPU
		{7DB12764-4EFB-48EA-82CA-9C1A62863987}.Release|Any CPU.Build.0 = Release|Any CPU
	EndGlobalSection
	GlobalSection(SolutionProperties) = preSolution
		HideSolutionNode = FALSE
	EndGlobalSection
	GlobalSection(ExtensibilityGlobals) = postSolution
		SolutionGuid = {BE05E65F-90BB-406C-B999-DB6A1A6FAF05}
	EndGlobalSection
EndGlobal
