
Microsoft Visual Studio Solution File, Format Version 12.00
# Visual Studio Version 17
VisualStudioVersion = 17.4.33213.308
MinimumVisualStudioVersion = 10.0.40219.1
Project("{FAE04EC0-301F-11D3-BF4B-00C04F79EFBC}") = "PrivateMultipleObjects", "PrivateMultipleObjects\PrivateMultipleObjects.csproj", "{83DCD8C2-AB63-4EC0-8F73-17CF6FEF1E41}"
EndProject
Global
	GlobalSection(SolutionConfigurationPlatforms) = preSolution
		Debug|Any CPU = Debug|Any CPU
		Release|Any CPU = Release|Any CPU
	EndGlobalSection
	GlobalSection(ProjectConfigurationPlatforms) = postSolution
		{83DCD8C2-AB63-4EC0-8F73-17CF6FEF1E41}.Debug|Any CPU.ActiveCfg = Debug|Any CPU
		{83DCD8C2-AB63-4EC0-8F73-17CF6FEF1E41}.Debug|Any CPU.Build.0 = Debug|Any CPU
		{83DCD8C2-AB63-4EC0-8F73-17CF6FEF1E41}.Release|Any CPU.ActiveCfg = Release|Any CPU
		{83DCD8C2-AB63-4EC0-8F73-17CF6FEF1E41}.Release|Any CPU.Build.0 = Release|Any CPU
	EndGlobalSection
	GlobalSection(SolutionProperties) = preSolution
		HideSolutionNode = FALSE
	EndGlobalSection
	GlobalSection(ExtensibilityGlobals) = postSolution
		SolutionGuid = {1B8C2ECB-722F-45B5-A200-A10996E12917}
	EndGlobalSection
EndGlobal
