
Microsoft Visual Studio Solution File, Format Version 12.00
# Visual Studio Version 17
VisualStudioVersion = 17.4.33213.308
MinimumVisualStudioVersion = 10.0.40219.1
Project("{FAE04EC0-301F-11D3-BF4B-00C04F79EFBC}") = "bookStoreRecord", "bookStoreRecord\bookStoreRecord.csproj", "{A59DF73A-B190-4296-BB1A-A2334CAE72B5}"
EndProject
Global
	GlobalSection(SolutionConfigurationPlatforms) = preSolution
		Debug|Any CPU = Debug|Any CPU
		Release|Any CPU = Release|Any CPU
	EndGlobalSection
	GlobalSection(ProjectConfigurationPlatforms) = postSolution
		{A59DF73A-B190-4296-BB1A-A2334CAE72B5}.Debug|Any CPU.ActiveCfg = Debug|Any CPU
		{A59DF73A-B190-4296-BB1A-A2334CAE72B5}.Debug|Any CPU.Build.0 = Debug|Any CPU
		{A59DF73A-B190-4296-BB1A-A2334CAE72B5}.Release|Any CPU.ActiveCfg = Release|Any CPU
		{A59DF73A-B190-4296-BB1A-A2334CAE72B5}.Release|Any CPU.Build.0 = Release|Any CPU
	EndGlobalSection
	GlobalSection(SolutionProperties) = preSolution
		HideSolutionNode = FALSE
	EndGlobalSection
	GlobalSection(ExtensibilityGlobals) = postSolution
		SolutionGuid = {CBD31264-9D18-4E32-8726-183B51A3B402}
	EndGlobalSection
EndGlobal
