
Microsoft Visual Studio Solution File, Format Version 12.00
# Visual Studio Version 17
VisualStudioVersion = 17.4.33213.308
MinimumVisualStudioVersion = 10.0.40219.1
Project("{FAE04EC0-301F-11D3-BF4B-00C04F79EFBC}") = "CustomOverload", "CustomOverload\CustomOverload.csproj", "{3E8B5EAB-EE32-404C-8889-7ADBC8ED77EF}"
EndProject
Global
	GlobalSection(SolutionConfigurationPlatforms) = preSolution
		Debug|Any CPU = Debug|Any CPU
		Release|Any CPU = Release|Any CPU
	EndGlobalSection
	GlobalSection(ProjectConfigurationPlatforms) = postSolution
		{3E8B5EAB-EE32-404C-8889-7ADBC8ED77EF}.Debug|Any CPU.ActiveCfg = Debug|Any CPU
		{3E8B5EAB-EE32-404C-8889-7ADBC8ED77EF}.Debug|Any CPU.Build.0 = Debug|Any CPU
		{3E8B5EAB-EE32-404C-8889-7ADBC8ED77EF}.Release|Any CPU.ActiveCfg = Release|Any CPU
		{3E8B5EAB-EE32-404C-8889-7ADBC8ED77EF}.Release|Any CPU.Build.0 = Release|Any CPU
	EndGlobalSection
	GlobalSection(SolutionProperties) = preSolution
		HideSolutionNode = FALSE
	EndGlobalSection
	GlobalSection(ExtensibilityGlobals) = postSolution
		SolutionGuid = {AF1D4A81-0A8A-4232-8DC2-CE0A02767E05}
	EndGlobalSection
EndGlobal
