
Microsoft Visual Studio Solution File, Format Version 12.00
# Visual Studio Version 17
VisualStudioVersion = 17.4.33213.308
MinimumVisualStudioVersion = 10.0.40219.1
Project("{FAE04EC0-301F-11D3-BF4B-00C04F79EFBC}") = "SimpleInheritance", "SimpleInheritance\SimpleInheritance.csproj", "{8ABC7DC7-6616-4A71-A30F-A4F18D45D44A}"
EndProject
Global
	GlobalSection(SolutionConfigurationPlatforms) = preSolution
		Debug|Any CPU = Debug|Any CPU
		Release|Any CPU = Release|Any CPU
	EndGlobalSection
	GlobalSection(ProjectConfigurationPlatforms) = postSolution
		{8ABC7DC7-6616-4A71-A30F-A4F18D45D44A}.Debug|Any CPU.ActiveCfg = Debug|Any CPU
		{8ABC7DC7-6616-4A71-A30F-A4F18D45D44A}.Debug|Any CPU.Build.0 = Debug|Any CPU
		{8ABC7DC7-6616-4A71-A30F-A4F18D45D44A}.Release|Any CPU.ActiveCfg = Release|Any CPU
		{8ABC7DC7-6616-4A71-A30F-A4F18D45D44A}.Release|Any CPU.Build.0 = Release|Any CPU
	EndGlobalSection
	GlobalSection(SolutionProperties) = preSolution
		HideSolutionNode = FALSE
	EndGlobalSection
	GlobalSection(ExtensibilityGlobals) = postSolution
		SolutionGuid = {EB204C90-88ED-4BA5-8A17-1CA616169913}
	EndGlobalSection
EndGlobal
